
Microsoft Visual Studio Solution File, Format Version 12.00
# Visual Studio Version 17
VisualStudioVersion = 17.3.32929.385
MinimumVisualStudioVersion = 10.0.40219.1
Project("{FAE04EC0-301F-11D3-BF4B-00C04F79EFBC}") = "proyecto_algoritmos", "proyecto_algoritmos\proyecto_algoritmos.csproj", "{B2AB654D-531E-4D75-80AA-E4E5FBBDC9BA}"
EndProject
Global
	GlobalSection(SolutionConfigurationPlatforms) = preSolution
		Debug|Any CPU = Debug|Any CPU
		Release|Any CPU = Release|Any CPU
	EndGlobalSection
	GlobalSection(ProjectConfigurationPlatforms) = postSolution
		{B2AB654D-531E-4D75-80AA-E4E5FBBDC9BA}.Debug|Any CPU.ActiveCfg = Debug|Any CPU
		{B2AB654D-531E-4D75-80AA-E4E5FBBDC9BA}.Debug|Any CPU.Build.0 = Debug|Any CPU
		{B2AB654D-531E-4D75-80AA-E4E5FBBDC9BA}.Release|Any CPU.ActiveCfg = Release|Any CPU
		{B2AB654D-531E-4D75-80AA-E4E5FBBDC9BA}.Release|Any CPU.Build.0 = Release|Any CPU
	EndGlobalSection
	GlobalSection(SolutionProperties) = preSolution
		HideSolutionNode = FALSE
	EndGlobalSection
	GlobalSection(ExtensibilityGlobals) = postSolution
		SolutionGuid = {517FCEE8-AEDF-4DE1-980E-E3E36DA76A86}
	EndGlobalSection
EndGlobal
